
Microsoft Visual Studio Solution File, Format Version 12.00
# Visual Studio Version 17
VisualStudioVersion = 17.11.35312.102
MinimumVisualStudioVersion = 10.0.40219.1
Project("{FAE04EC0-301F-11D3-BF4B-00C04F79EFBC}") = "Divide y Venceras", "Divide y Venceras.csproj", "{C8D699C2-653E-4C56-93CE-5B44D5645317}"
EndProject
Global
	GlobalSection(SolutionConfigurationPlatforms) = preSolution
		Debug|Any CPU = Debug|Any CPU
		Release|Any CPU = Release|Any CPU
	EndGlobalSection
	GlobalSection(ProjectConfigurationPlatforms) = postSolution
		{C8D699C2-653E-4C56-93CE-5B44D5645317}.Debug|Any CPU.ActiveCfg = Debug|Any CPU
		{C8D699C2-653E-4C56-93CE-5B44D5645317}.Debug|Any CPU.Build.0 = Debug|Any CPU
		{C8D699C2-653E-4C56-93CE-5B44D5645317}.Release|Any CPU.ActiveCfg = Release|Any CPU
		{C8D699C2-653E-4C56-93CE-5B44D5645317}.Release|Any CPU.Build.0 = Release|Any CPU
	EndGlobalSection
	GlobalSection(SolutionProperties) = preSolution
		HideSolutionNode = FALSE
	EndGlobalSection
	GlobalSection(ExtensibilityGlobals) = postSolution
		SolutionGuid = {F44732FF-C903-4C14-A798-6136D9FA528C}
	EndGlobalSection
EndGlobal
