
Microsoft Visual Studio Solution File, Format Version 12.00
# Visual Studio Version 17
VisualStudioVersion = 17.11.35312.102
MinimumVisualStudioVersion = 10.0.40219.1
Project("{FAE04EC0-301F-11D3-BF4B-00C04F79EFBC}") = "DictatorSort", "DictatorSort.csproj", "{8EB8E1E6-E7DC-4ACB-A023-D38F67E132BD}"
EndProject
Global
	GlobalSection(SolutionConfigurationPlatforms) = preSolution
		Debug|Any CPU = Debug|Any CPU
		Release|Any CPU = Release|Any CPU
	EndGlobalSection
	GlobalSection(ProjectConfigurationPlatforms) = postSolution
		{8EB8E1E6-E7DC-4ACB-A023-D38F67E132BD}.Debug|Any CPU.ActiveCfg = Debug|Any CPU
		{8EB8E1E6-E7DC-4ACB-A023-D38F67E132BD}.Debug|Any CPU.Build.0 = Debug|Any CPU
		{8EB8E1E6-E7DC-4ACB-A023-D38F67E132BD}.Release|Any CPU.ActiveCfg = Release|Any CPU
		{8EB8E1E6-E7DC-4ACB-A023-D38F67E132BD}.Release|Any CPU.Build.0 = Release|Any CPU
	EndGlobalSection
	GlobalSection(SolutionProperties) = preSolution
		HideSolutionNode = FALSE
	EndGlobalSection
	GlobalSection(ExtensibilityGlobals) = postSolution
		SolutionGuid = {1D546A90-E6D3-463C-B6AA-3B56337C32BC}
	EndGlobalSection
EndGlobal
